
Microsoft Visual Studio Solution File, Format Version 12.00
# Visual Studio Version 17
VisualStudioVersion = 17.14.36511.14
MinimumVisualStudioVersion = 10.0.40219.1
Project("{FAE04EC0-301F-11D3-BF4B-00C04F79EFBC}") = "Task7CSharp", "Task7CSharp\Task7CSharp.csproj", "{505430D0-8EC1-4E99-9D3E-60E39FF33267}"
EndProject
Project("{FAE04EC0-301F-11D3-BF4B-00C04F79EFBC}") = "WinFormsApp1", "WinFormsApp1\WinFormsApp1.csproj", "{0D8E1C33-EC13-401B-BB22-1F71CBDAEAD3}"
EndProject
Global
	GlobalSection(SolutionConfigurationPlatforms) = preSolution
		Debug|Any CPU = Debug|Any CPU
		Release|Any CPU = Release|Any CPU
	EndGlobalSection
	GlobalSection(ProjectConfigurationPlatforms) = postSolution
		{505430D0-8EC1-4E99-9D3E-60E39FF33267}.Debug|Any CPU.ActiveCfg = Debug|Any CPU
		{505430D0-8EC1-4E99-9D3E-60E39FF33267}.Debug|Any CPU.Build.0 = Debug|Any CPU
		{505430D0-8EC1-4E99-9D3E-60E39FF33267}.Release|Any CPU.ActiveCfg = Release|Any CPU
		{505430D0-8EC1-4E99-9D3E-60E39FF33267}.Release|Any CPU.Build.0 = Release|Any CPU
		{0D8E1C33-EC13-401B-BB22-1F71CBDAEAD3}.Debug|Any CPU.ActiveCfg = Debug|Any CPU
		{0D8E1C33-EC13-401B-BB22-1F71CBDAEAD3}.Debug|Any CPU.Build.0 = Debug|Any CPU
		{0D8E1C33-EC13-401B-BB22-1F71CBDAEAD3}.Release|Any CPU.ActiveCfg = Release|Any CPU
		{0D8E1C33-EC13-401B-BB22-1F71CBDAEAD3}.Release|Any CPU.Build.0 = Release|Any CPU
	EndGlobalSection
	GlobalSection(SolutionProperties) = preSolution
		HideSolutionNode = FALSE
	EndGlobalSection
	GlobalSection(ExtensibilityGlobals) = postSolution
		SolutionGuid = {96944F81-D421-4CC4-8920-66AC784D115F}
	EndGlobalSection
EndGlobal
