
Microsoft Visual Studio Solution File, Format Version 12.00
# Visual Studio Version 17
VisualStudioVersion = 17.14.36511.14
MinimumVisualStudioVersion = 10.0.40219.1
Project("{FAE04EC0-301F-11D3-BF4B-00C04F79EFBC}") = "Task6Csharp", "Task6Csharp\Task6Csharp.csproj", "{82136377-84CC-43E1-A874-A5A6DD8F3705}"
EndProject
Project("{FAE04EC0-301F-11D3-BF4B-00C04F79EFBC}") = "AdoOnForm", "AdoOnForm\AdoOnForm.csproj", "{5675D971-B7C0-4378-A531-C649F6E3EA38}"
EndProject
Global
	GlobalSection(SolutionConfigurationPlatforms) = preSolution
		Debug|Any CPU = Debug|Any CPU
		Release|Any CPU = Release|Any CPU
	EndGlobalSection
	GlobalSection(ProjectConfigurationPlatforms) = postSolution
		{82136377-84CC-43E1-A874-A5A6DD8F3705}.Debug|Any CPU.ActiveCfg = Debug|Any CPU
		{82136377-84CC-43E1-A874-A5A6DD8F3705}.Debug|Any CPU.Build.0 = Debug|Any CPU
		{82136377-84CC-43E1-A874-A5A6DD8F3705}.Release|Any CPU.ActiveCfg = Release|Any CPU
		{82136377-84CC-43E1-A874-A5A6DD8F3705}.Release|Any CPU.Build.0 = Release|Any CPU
		{5675D971-B7C0-4378-A531-C649F6E3EA38}.Debug|Any CPU.ActiveCfg = Debug|Any CPU
		{5675D971-B7C0-4378-A531-C649F6E3EA38}.Debug|Any CPU.Build.0 = Debug|Any CPU
		{5675D971-B7C0-4378-A531-C649F6E3EA38}.Release|Any CPU.ActiveCfg = Release|Any CPU
		{5675D971-B7C0-4378-A531-C649F6E3EA38}.Release|Any CPU.Build.0 = Release|Any CPU
	EndGlobalSection
	GlobalSection(SolutionProperties) = preSolution
		HideSolutionNode = FALSE
	EndGlobalSection
	GlobalSection(ExtensibilityGlobals) = postSolution
		SolutionGuid = {80428E4D-BDC0-4DAA-94DC-C09C7DBA44CA}
	EndGlobalSection
EndGlobal
